
Microsoft Visual Studio Solution File, Format Version 12.00
# Visual Studio Version 17
VisualStudioVersion = 17.5.001.0
MinimumVisualStudioVersion = 10.0.40219.1
Project("{9A19103F-16F7-4668-BE54-9A1E7A4F7556}") = "DotNetDependencies", "DotNetDependencies.csproj", "{408CD1B0-26F5-45BB-A243-2D2A3A246AAE}"
EndProject
Global
	GlobalSection(SolutionConfigurationPlatforms) = preSolution
		Debug|Any CPU = Debug|Any CPU
		Release|Any CPU = Release|Any CPU
	EndGlobalSection
	GlobalSection(ProjectConfigurationPlatforms) = postSolution
		{408CD1B0-26F5-45BB-A243-2D2A3A246AAE}.Debug|Any CPU.ActiveCfg = Debug|Any CPU
		{408CD1B0-26F5-45BB-A243-2D2A3A246AAE}.Debug|Any CPU.Build.0 = Debug|Any CPU
		{408CD1B0-26F5-45BB-A243-2D2A3A246AAE}.Release|Any CPU.ActiveCfg = Release|Any CPU
		{408CD1B0-26F5-45BB-A243-2D2A3A246AAE}.Release|Any CPU.Build.0 = Release|Any CPU
	EndGlobalSection
	GlobalSection(SolutionProperties) = preSolution
		HideSolutionNode = FALSE
	EndGlobalSection
	GlobalSection(ExtensibilityGlobals) = postSolution
		SolutionGuid = {85D2FB37-21EC-4C4C-B197-2BFEA5336273}
	EndGlobalSection
EndGlobal
